// !$*UTF8*$!
{
	archiveVersion = 1;
	classes = {
	};
	objectVersion = 56;
	objects = {
		{isa = PBXBuildFile; fileRef = /* V2EXApp.swift */; };
		{isa = PBXBuildFile; fileRef = /* ContentView.swift */; };
		{isa = PBXBuildFile; fileRef = /* Assets.xcassets */; };
	};
	rootObject = /* Project object */;
}
